<?xml version="1.0" encoding="utf-8"?>
<Project ToolsVersion="4.0" xmlns="http://schemas.microsoft.com/developer/msbuild/2003">
  <ItemGroup>
    <Filter Include="Source Files">
      <UniqueIdentifier>{4FC737F1-C7A5-4376-A066-2A32D752A2FF}</UniqueIdentifier>
      <Extensions>cpp;c;cc;cxx;def;odl;idl;hpj;bat;asm;asmx</Extensions>
    </Filter>
    <Filter Include="Header Files">
      <UniqueIdentifier>{93995380-89BD-4b04-88EB-625FBE52EBFB}</UniqueIdentifier>
      <Extensions>h;hh;hpp;hxx;hm;inl;inc;xsd</Extensions>
    </Filter>
    <Filter Include="Resource Files">
      <UniqueIdentifier>{67DA6AB6-F800-4c08-8B7A-83BB121AAD01}</UniqueIdentifier>
      <Extensions>rc;ico;cur;bmp;dlg;rc2;rct;bin;rgs;gif;jpg;jpeg;jpe;resx;tiff;tif;png;wav;mfcribbon-ms</Extensions>
    </Filter>
    <Filter Include="Header Files\Asset">
      <UniqueIdentifier>{480033c1-cc1b-400c-a106-ff14d9fb67eb}</UniqueIdentifier>
    </Filter>
    <Filter Include="Header Files\External">
      <UniqueIdentifier>{6ef11ead-b601-4506-8348-275e9cbce074}</UniqueIdentifier>
    </Filter>
    <Filter Include="Header Files\Levels">
      <UniqueIdentifier>{d250475d-2c56-487c-ae50-2deba4795c4a}</UniqueIdentifier>
    </Filter>
    <Filter Include="Header Files\Collision">
      <UniqueIdentifier>{5647e9eb-20a4-4afb-be99-afdda676aec8}</UniqueIdentifier>
    </Filter>
    <Filter Include="Header Files\Events">
      <UniqueIdentifier>{257c93e8-4855-412c-8dc3-00ad848e0b68}</UniqueIdentifier>
    </Filter>
    <Filter Include="Header Files\Objects">
      <UniqueIdentifier>{0c84d1f5-98f0-4d67-9d72-44f40fa940ab}</UniqueIdentifier>
    </Filter>
    <Filter Include="Header Files\State">
      <UniqueIdentifier>{1f2dc23b-0afb-48eb-8181-999998ae198b}</UniqueIdentifier>
    </Filter>
    <Filter Include="Header Files\Data Types">
      <UniqueIdentifier>{60f52e66-ae16-4122-be23-b3fe090abfc1}</UniqueIdentifier>
    </Filter>
    <Filter Include="Source Files\Asset">
      <UniqueIdentifier>{63fa2f94-3ddc-4f71-9e75-42019a22734c}</UniqueIdentifier>
    </Filter>
    <Filter Include="Source Files\External">
      <UniqueIdentifier>{0d0ef08d-f499-4bee-9563-2b6a45f303d2}</UniqueIdentifier>
    </Filter>
    <Filter Include="Source Files\Levels">
      <UniqueIdentifier>{76c72ed0-de57-43df-b44a-0e820e0307d0}</UniqueIdentifier>
    </Filter>
    <Filter Include="Source Files\Collision">
      <UniqueIdentifier>{c5edae46-d083-4f84-8bb3-1f1bf4bc6dc2}</UniqueIdentifier>
    </Filter>
    <Filter Include="Source Files\Events">
      <UniqueIdentifier>{750cf55c-11aa-47ba-be19-4fc011725f6b}</UniqueIdentifier>
    </Filter>
    <Filter Include="Source Files\Data Types">
      <UniqueIdentifier>{1a80eedc-0e40-4fb5-a2cd-96dc254435e2}</UniqueIdentifier>
    </Filter>
    <Filter Include="Source Files\Objects">
      <UniqueIdentifier>{4f925982-df2a-4fb3-9ffe-f5c412427a40}</UniqueIdentifier>
    </Filter>
    <Filter Include="Source Files\State">
      <UniqueIdentifier>{5fbc276c-2390-430e-9a5e-5e41875c4aaa}</UniqueIdentifier>
    </Filter>
    <Filter Include="DemoCode">
      <UniqueIdentifier>{f2808283-7a6a-444a-8c1a-49c924df5ec2}</UniqueIdentifier>
    </Filter>
    <Filter Include="DemoCode\Header Files">
      <UniqueIdentifier>{ad8ab8e7-5d8d-4add-be15-2a1ba800327f}</UniqueIdentifier>
    </Filter>
    <Filter Include="DemoCode\Source Code">
      <UniqueIdentifier>{ef7e25fa-afd3-44f3-83fb-9f2b2d96653b}</UniqueIdentifier>
    </Filter>
    <Filter Include="DemoCode\Shaders">
      <UniqueIdentifier>{ac1a23a0-b2fe-42fa-9543-fd369cd88fea}</UniqueIdentifier>
    </Filter>
    <Filter Include="DemoCode\Shaders\Burn">
      <UniqueIdentifier>{5616503c-31e7-4334-90ac-391f28b2dcd9}</UniqueIdentifier>
    </Filter>
    <Filter Include="DemoCode\Shaders\FrameShaders">
      <UniqueIdentifier>{95baeef0-e6c2-4f56-b9a0-83e264de2f50}</UniqueIdentifier>
    </Filter>
    <Filter Include="DemoCode\Shaders\Cloth">
      <UniqueIdentifier>{de5e6708-c9ed-4bd2-b30e-2b285089dda8}</UniqueIdentifier>
    </Filter>
  </ItemGroup>
  <ItemGroup>
    <ClInclude Include="Timer.h">
      <Filter>Header Files</Filter>
    </ClInclude>
    <ClInclude Include="Utils.h">
      <Filter>Header Files</Filter>
    </ClInclude>
    <ClInclude Include="Factory.h">
      <Filter>Header Files</Filter>
    </ClInclude>
    <ClInclude Include="Game.h">
      <Filter>Header Files</Filter>
    </ClInclude>
    <ClInclude Include="Animation.h">
      <Filter>Header Files\Asset</Filter>
    </ClInclude>
    <ClInclude Include="Asset.h">
      <Filter>Header Files\Asset</Filter>
    </ClInclude>
    <ClInclude Include="AssetManager.h">
      <Filter>Header Files\Asset</Filter>
    </ClInclude>
    <ClInclude Include="SpriteSheet.h">
      <Filter>Header Files\Asset</Filter>
    </ClInclude>
    <ClInclude Include="Texture.h">
      <Filter>Header Files\Asset</Filter>
    </ClInclude>
    <ClInclude Include="Text.h">
      <Filter>Header Files\Asset</Filter>
    </ClInclude>
    <ClInclude Include="base64.h">
      <Filter>Header Files\External</Filter>
    </ClInclude>
    <ClInclude Include="BaseLevelCreator.h">
      <Filter>Header Files\Levels</Filter>
    </ClInclude>
    <ClInclude Include="Circle.h">
      <Filter>Header Files\Collision</Filter>
    </ClInclude>
    <ClInclude Include="CollisionSystem.h">
      <Filter>Header Files\Collision</Filter>
    </ClInclude>
    <ClInclude Include="Event.h">
      <Filter>Header Files\Events</Filter>
    </ClInclude>
    <ClInclude Include="EventHandler.h">
      <Filter>Header Files\Events</Filter>
    </ClInclude>
    <ClInclude Include="EventListener.h">
      <Filter>Header Files\Events</Filter>
    </ClInclude>
    <ClInclude Include="GenericEvent.h">
      <Filter>Header Files\Events</Filter>
    </ClInclude>
    <ClInclude Include="Input.h">
      <Filter>Header Files\Events</Filter>
    </ClInclude>
    <ClInclude Include="Layer.h">
      <Filter>Header Files\Levels</Filter>
    </ClInclude>
    <ClInclude Include="Level.h">
      <Filter>Header Files\Levels</Filter>
    </ClInclude>
    <ClInclude Include="LevelParser.h">
      <Filter>Header Files\Levels</Filter>
    </ClInclude>
    <ClInclude Include="MenuButton.h">
      <Filter>Header Files\Objects</Filter>
    </ClInclude>
    <ClInclude Include="GameState.h">
      <Filter>Header Files\State</Filter>
    </ClInclude>
    <ClInclude Include="MenuState.h">
      <Filter>Header Files\State</Filter>
    </ClInclude>
    <ClInclude Include="SDLGameObject.h">
      <Filter>Header Files\Objects</Filter>
    </ClInclude>
    <ClInclude Include="UIEventPoller.h">
      <Filter>Header Files\Events</Filter>
    </ClInclude>
    <ClInclude Include="Vector2D.h">
      <Filter>Header Files\Data Types</Filter>
    </ClInclude>
    <ClInclude Include="ObjectLayer.h">
      <Filter>Header Files\Levels</Filter>
    </ClInclude>
    <ClInclude Include="tinystr.h">
      <Filter>Header Files\External</Filter>
    </ClInclude>
    <ClInclude Include="Rectangle.h">
      <Filter>Header Files\Collision</Filter>
    </ClInclude>
    <ClInclude Include="SimpleCollision.h">
      <Filter>Header Files\Collision</Filter>
    </ClInclude>
    <ClInclude Include="Singleton.h">
      <Filter>Header Files\Data Types</Filter>
    </ClInclude>
    <ClInclude Include="Uncopyable.h">
      <Filter>Header Files\Data Types</Filter>
    </ClInclude>
    <ClInclude Include="tinyxml.h">
      <Filter>Header Files\External</Filter>
    </ClInclude>
    <ClInclude Include="Tileset.h">
      <Filter>Header Files\Asset</Filter>
    </ClInclude>
    <ClInclude Include="TileLayer.h">
      <Filter>Header Files\Levels</Filter>
    </ClInclude>
    <ClInclude Include="MouseButtons.h">
      <Filter>Header Files\Data Types</Filter>
    </ClInclude>
    <ClInclude Include="StateParser.h">
      <Filter>Header Files\State</Filter>
    </ClInclude>
    <ClInclude Include="StateManager.h">
      <Filter>Header Files\State</Filter>
    </ClInclude>
    <ClInclude Include="TextBox.h">
      <Filter>Header Files\Objects</Filter>
    </ClInclude>
    <ClInclude Include="Vector3D.h">
      <Filter>Header Files\Data Types</Filter>
    </ClInclude>
    <ClInclude Include="SDLGame.h">
      <Filter>Header Files</Filter>
    </ClInclude>
    <ClInclude Include="BaseGame.h">
      <Filter>Header Files</Filter>
    </ClInclude>
    <ClInclude Include="GameObject.h">
      <Filter>Header Files\Objects</Filter>
    </ClInclude>
    <ClInclude Include="GLGameObject.h">
      <Filter>Header Files\Objects</Filter>
    </ClInclude>
    <ClInclude Include="GLCamera.h">
      <Filter>Header Files\Objects</Filter>
    </ClInclude>
    <ClInclude Include="GLLight.h">
      <Filter>Header Files\Objects</Filter>
    </ClInclude>
    <ClInclude Include="GLThirdPersonCamera.h">
      <Filter>Header Files\Objects</Filter>
    </ClInclude>
    <ClInclude Include="GLFirstPersonCamera.h">
      <Filter>Header Files\Objects</Filter>
    </ClInclude>
    <ClInclude Include="LineSeg.h">
      <Filter>Header Files\Collision</Filter>
    </ClInclude>
    <ClInclude Include="GLTexture.h">
      <Filter>Header Files\Asset</Filter>
    </ClInclude>
    <ClInclude Include="Quaternion.h">
      <Filter>Header Files\Data Types</Filter>
    </ClInclude>
    <ClInclude Include="GLMaterial.h">
      <Filter>Header Files\Asset</Filter>
    </ClInclude>
    <ClInclude Include="AABB.h">
      <Filter>Header Files\Collision</Filter>
    </ClInclude>
    <ClInclude Include="BoundingShape3D.h">
      <Filter>Header Files\Collision</Filter>
    </ClInclude>
    <ClInclude Include="Sphere.h">
      <Filter>Header Files\Collision</Filter>
    </ClInclude>
    <ClInclude Include="Capsule.h">
      <Filter>Header Files\Collision</Filter>
    </ClInclude>
    <ClInclude Include="SweepAndPruneSystem.h">
      <Filter>Header Files\Collision</Filter>
    </ClInclude>
    <ClInclude Include="BoundingShape2D.h">
      <Filter>Header Files\Collision</Filter>
    </ClInclude>
    <ClInclude Include="BoundingShape.h">
      <Filter>Header Files\Collision</Filter>
    </ClInclude>
    <ClInclude Include="Defines.h">
      <Filter>Header Files</Filter>
    </ClInclude>
    <ClInclude Include="GLMesh.h">
      <Filter>Header Files\Asset</Filter>
    </ClInclude>
    <ClInclude Include="GLShader.h">
      <Filter>Header Files\Asset</Filter>
    </ClInclude>
    <ClInclude Include="TestState.h">
      <Filter>DemoCode\Header Files</Filter>
    </ClInclude>
    <ClInclude Include="TextureQuad.h">
      <Filter>DemoCode\Header Files</Filter>
    </ClInclude>
    <ClInclude Include="GLGame.h">
      <Filter>Header Files</Filter>
    </ClInclude>
    <ClInclude Include="Transform.h">
      <Filter>Header Files\Data Types</Filter>
    </ClInclude>
    <ClInclude Include="Vector4D.h">
      <Filter>Header Files\Data Types</Filter>
    </ClInclude>
    <ClInclude Include="Matrix4D.h">
      <Filter>Header Files\Data Types</Filter>
    </ClInclude>
    <ClInclude Include="Matrix2D.h">
      <Filter>Header Files\Data Types</Filter>
    </ClInclude>
    <ClInclude Include="Matrix3D.h">
      <Filter>Header Files\Data Types</Filter>
    </ClInclude>
    <ClInclude Include="Colour.h">
      <Filter>Header Files\Data Types</Filter>
    </ClInclude>
    <ClInclude Include="InputEnum.h">
      <Filter>Header Files\Data Types</Filter>
    </ClInclude>
    <ClInclude Include="FrameBuffer.h">
      <Filter>Header Files</Filter>
    </ClInclude>
    <ClInclude Include="GLDebugGrid.h">
      <Filter>Header Files\Objects</Filter>
    </ClInclude>
    <ClInclude Include="OBB.h">
      <Filter>Header Files\Collision</Filter>
    </ClInclude>
    <ClInclude Include="Particle.h">
      <Filter>Header Files\Objects</Filter>
    </ClInclude>
    <ClInclude Include="ClothTest.h">
      <Filter>DemoCode\Header Files</Filter>
    </ClInclude>
    <ClInclude Include="UIManager.h">
      <Filter>Header Files</Filter>
    </ClInclude>
    <ClInclude Include="RigidBody.h">
      <Filter>Header Files\Objects</Filter>
    </ClInclude>
    <ClInclude Include="MovingSphere.h">
      <Filter>DemoCode\Header Files</Filter>
    </ClInclude>
  </ItemGroup>
  <ItemGroup>
    <ClCompile Include="Timer.cpp">
      <Filter>Source Files</Filter>
    </ClCompile>
    <ClCompile Include="main.cpp">
      <Filter>Source Files</Filter>
    </ClCompile>
    <ClCompile Include="Game.cpp">
      <Filter>Source Files</Filter>
    </ClCompile>
    <ClCompile Include="Animation.cpp">
      <Filter>Source Files\Asset</Filter>
    </ClCompile>
    <ClCompile Include="AssetManager.cpp">
      <Filter>Source Files\Asset</Filter>
    </ClCompile>
    <ClCompile Include="base64.cpp">
      <Filter>Source Files\External</Filter>
    </ClCompile>
    <ClCompile Include="Circle.cpp">
      <Filter>Source Files\Collision</Filter>
    </ClCompile>
    <ClCompile Include="CollisionSystem.cpp">
      <Filter>Source Files\Collision</Filter>
    </ClCompile>
    <ClCompile Include="EventHandler.cpp">
      <Filter>Source Files\Events</Filter>
    </ClCompile>
    <ClCompile Include="EventListener.cpp">
      <Filter>Source Files\Events</Filter>
    </ClCompile>
    <ClCompile Include="Input.cpp">
      <Filter>Source Files\Events</Filter>
    </ClCompile>
    <ClCompile Include="Level.cpp">
      <Filter>Source Files\Levels</Filter>
    </ClCompile>
    <ClCompile Include="LevelParser.cpp">
      <Filter>Source Files\Levels</Filter>
    </ClCompile>
    <ClCompile Include="MenuButton.cpp">
      <Filter>Source Files\Objects</Filter>
    </ClCompile>
    <ClCompile Include="ObjectLayer.cpp">
      <Filter>Source Files\Levels</Filter>
    </ClCompile>
    <ClCompile Include="Rectangle.cpp">
      <Filter>Source Files\Collision</Filter>
    </ClCompile>
    <ClCompile Include="SDLGameObject.cpp">
      <Filter>Source Files\Objects</Filter>
    </ClCompile>
    <ClCompile Include="SimpleCollision.cpp">
      <Filter>Source Files\Collision</Filter>
    </ClCompile>
    <ClCompile Include="Texture.cpp">
      <Filter>Source Files\Asset</Filter>
    </ClCompile>
    <ClCompile Include="SpriteSheet.cpp">
      <Filter>Source Files\Asset</Filter>
    </ClCompile>
    <ClCompile Include="tinystr.cpp">
      <Filter>Source Files\External</Filter>
    </ClCompile>
    <ClCompile Include="tinyxml.cpp">
      <Filter>Source Files\External</Filter>
    </ClCompile>
    <ClCompile Include="UIEventPoller.cpp">
      <Filter>Source Files\Events</Filter>
    </ClCompile>
    <ClCompile Include="tinyxmlerror.cpp">
      <Filter>Source Files\External</Filter>
    </ClCompile>
    <ClCompile Include="tinyxmlparser.cpp">
      <Filter>Source Files\External</Filter>
    </ClCompile>
    <ClCompile Include="TileLayer.cpp">
      <Filter>Source Files\Levels</Filter>
    </ClCompile>
    <ClCompile Include="TextBox.cpp">
      <Filter>Source Files\Objects</Filter>
    </ClCompile>
    <ClCompile Include="Text.cpp">
      <Filter>Source Files\Asset</Filter>
    </ClCompile>
    <ClCompile Include="StateParser.cpp">
      <Filter>Source Files\State</Filter>
    </ClCompile>
    <ClCompile Include="StateManger.cpp">
      <Filter>Source Files\State</Filter>
    </ClCompile>
    <ClCompile Include="Utils.cpp">
      <Filter>Source Files</Filter>
    </ClCompile>
    <ClCompile Include="SDLGame.cpp">
      <Filter>Source Files</Filter>
    </ClCompile>
    <ClCompile Include="GLGame.cpp">
      <Filter>Source Files</Filter>
    </ClCompile>
    <ClCompile Include="GLCamera.cpp">
      <Filter>Source Files\Objects</Filter>
    </ClCompile>
    <ClCompile Include="GLLight.cpp">
      <Filter>Source Files\Objects</Filter>
    </ClCompile>
    <ClCompile Include="GLThirdPersonCamera.cpp">
      <Filter>Source Files\Objects</Filter>
    </ClCompile>
    <ClCompile Include="GLFirstPersonCamera.cpp">
      <Filter>Source Files\Objects</Filter>
    </ClCompile>
    <ClCompile Include="LineSeg.cpp">
      <Filter>Source Files\Collision</Filter>
    </ClCompile>
    <ClCompile Include="GLTexture.cpp">
      <Filter>Source Files\Asset</Filter>
    </ClCompile>
    <ClCompile Include="Quaternion.cpp">
      <Filter>Source Files\Data Types</Filter>
    </ClCompile>
    <ClCompile Include="GLMaterial.cpp">
      <Filter>Source Files\Asset</Filter>
    </ClCompile>
    <ClCompile Include="GLGameObject.cpp">
      <Filter>Source Files\Objects</Filter>
    </ClCompile>
    <ClCompile Include="AABB.cpp">
      <Filter>Source Files\Collision</Filter>
    </ClCompile>
    <ClCompile Include="Sphere.cpp">
      <Filter>Source Files\Collision</Filter>
    </ClCompile>
    <ClCompile Include="Capsule.cpp">
      <Filter>Source Files\Collision</Filter>
    </ClCompile>
    <ClCompile Include="SweepAndPruneSystem.cpp">
      <Filter>Source Files\Collision</Filter>
    </ClCompile>
    <ClCompile Include="BoundingShape.cpp">
      <Filter>Source Files\Collision</Filter>
    </ClCompile>
    <ClCompile Include="GLMesh.cpp">
      <Filter>Source Files\Asset</Filter>
    </ClCompile>
    <ClCompile Include="GameState.cpp">
      <Filter>Source Files\State</Filter>
    </ClCompile>
    <ClCompile Include="GLShader.cpp">
      <Filter>Source Files\Asset</Filter>
    </ClCompile>
    <ClCompile Include="TestState.cpp">
      <Filter>DemoCode\Source Code</Filter>
    </ClCompile>
    <ClCompile Include="TextureQuad.cpp">
      <Filter>DemoCode\Source Code</Filter>
    </ClCompile>
    <ClCompile Include="GLDebugGrid.cpp">
      <Filter>Source Files\Objects</Filter>
    </ClCompile>
    <ClCompile Include="Transform.cpp">
      <Filter>Source Files\Data Types</Filter>
    </ClCompile>
    <ClCompile Include="Matrix4D.cpp">
      <Filter>Source Files\Data Types</Filter>
    </ClCompile>
    <ClCompile Include="Matrix2D.cpp">
      <Filter>Source Files\Data Types</Filter>
    </ClCompile>
    <ClCompile Include="Matrix3D.cpp">
      <Filter>Source Files\Data Types</Filter>
    </ClCompile>
    <ClCompile Include="Colour.cpp">
      <Filter>Source Files\Data Types</Filter>
    </ClCompile>
    <ClCompile Include="FrameBuffer.cpp">
      <Filter>Source Files</Filter>
    </ClCompile>
    <ClCompile Include="OBB.cpp">
      <Filter>Source Files\Collision</Filter>
    </ClCompile>
    <ClCompile Include="Particle.cpp">
      <Filter>Source Files\Objects</Filter>
    </ClCompile>
    <ClCompile Include="ClothTest.cpp">
      <Filter>DemoCode\Source Code</Filter>
    </ClCompile>
    <ClCompile Include="UIManager.cpp">
      <Filter>Source Files</Filter>
    </ClCompile>
    <ClCompile Include="RigidBody.cpp">
      <Filter>Source Files\Objects</Filter>
    </ClCompile>
    <ClCompile Include="MovingSphere.cpp">
      <Filter>DemoCode\Source Code</Filter>
    </ClCompile>
  </ItemGroup>
  <ItemGroup>
    <Xml Include="Media\test.xml">
      <Filter>DemoCode</Filter>
    </Xml>
  </ItemGroup>
  <ItemGroup>
    <None Include="Media\Shaders\burn.frag">
      <Filter>DemoCode\Shaders\Burn</Filter>
    </None>
    <None Include="Media\Shaders\burn.vert">
      <Filter>DemoCode\Shaders\Burn</Filter>
    </None>
    <None Include="Media\Shaders\cloth.frag">
      <Filter>DemoCode\Shaders\Cloth</Filter>
    </None>
    <None Include="Media\Shaders\cloth.vert">
      <Filter>DemoCode\Shaders\Cloth</Filter>
    </None>
    <None Include="Media\Shaders\frame.frag">
      <Filter>DemoCode\Shaders\FrameShaders</Filter>
    </None>
    <None Include="Media\Shaders\frame.vert">
      <Filter>DemoCode\Shaders\FrameShaders</Filter>
    </None>
    <None Include="Media\Shaders\frame_bw.frag">
      <Filter>DemoCode\Shaders\FrameShaders</Filter>
    </None>
    <None Include="Media\Shaders\frame_inv.frag">
      <Filter>DemoCode\Shaders\FrameShaders</Filter>
    </None>
    <None Include="Media\Shaders\frame_outline.frag">
      <Filter>DemoCode\Shaders\FrameShaders</Filter>
    </None>
    <None Include="Media\Shaders\frame_sobel.frag">
      <Filter>DemoCode\Shaders\FrameShaders</Filter>
    </None>
    <None Include="Media\Shaders\grid.vert">
      <Filter>DemoCode\Shaders\FrameShaders</Filter>
    </None>
    <None Include="Media\Shaders\shader.vert">
      <Filter>DemoCode\Shaders</Filter>
    </None>
    <None Include="Media\Shaders\shader.frag">
      <Filter>DemoCode\Shaders</Filter>
    </None>
    <None Include="Media\Shaders\frame_edge.frag">
      <Filter>DemoCode\Shaders\FrameShaders</Filter>
    </None>
  </ItemGroup>
</Project>